
Microsoft Visual Studio Solution File, Format Version 12.00
# Visual Studio Version 17
VisualStudioVersion = 17.14.36518.9
MinimumVisualStudioVersion = 10.0.40219.1
Project("{FAE04EC0-301F-11D3-BF4B-00C04F79EFBC}") = "EcommerceMicro", "EcommerceMicro\EcommerceMicro.csproj", "{041E66A5-9F5F-436C-BE1B-6506B4DAD5CE}"
EndProject
Project("{2150E333-8FDC-42A3-9474-1A3956D46DE8}") = "Common", "Common", "{4E4CE890-3A32-4805-A673-409C358DD02E}"
EndProject
Project("{FAE04EC0-301F-11D3-BF4B-00C04F79EFBC}") = "Ecommerce.Kafka.Utility", "Ecommerce.Kafka.Utility\Ecommerce.Kafka.Utility.csproj", "{7995C995-4E10-4982-B795-BAD912CCA6C7}"
EndProject
Project("{2150E333-8FDC-42A3-9474-1A3956D46DE8}") = "Elementi di soluzione", "Elementi di soluzione", "{9DF70304-0A22-CE1E-AA12-D5904EE55694}"
	ProjectSection(SolutionItems) = preProject
		docker-compose.yml = docker-compose.yml
	EndProjectSection
EndProject
Project("{FAE04EC0-301F-11D3-BF4B-00C04F79EFBC}") = "Order.Business", "src\OrderService\Order.Business\Order.Business.csproj", "{FEEB7339-9587-0B6B-5E20-EE9C2EDBC2E5}"
EndProject
Project("{FAE04EC0-301F-11D3-BF4B-00C04F79EFBC}") = "Order.ClientHttp", "src\OrderService\Order.ClientHttp\Order.ClientHttp.csproj", "{C993516C-A621-F608-E827-D05ABA939B0F}"
EndProject
Project("{FAE04EC0-301F-11D3-BF4B-00C04F79EFBC}") = "Order.Repository", "src\OrderService\Order.Repository\Order.Repository.csproj", "{CBD3B50F-EC14-5B99-A367-16F25CC913A6}"
EndProject
Project("{FAE04EC0-301F-11D3-BF4B-00C04F79EFBC}") = "Order.Shared", "src\OrderService\Order.Shared\Order.Shared.csproj", "{93C1918B-E8FC-4CBB-50CA-2BFBF0C78652}"
EndProject
Project("{FAE04EC0-301F-11D3-BF4B-00C04F79EFBC}") = "Order.WebApi", "src\OrderService\Order.WebApi\Order.WebApi.csproj", "{36FA104D-4F06-8A2F-3E19-7D9C907283E1}"
EndProject
Project("{FAE04EC0-301F-11D3-BF4B-00C04F79EFBC}") = "Warehouse.Business", "src\WarehouseService\Warehouse.Business\Warehouse.Business.csproj", "{6A17A39F-B63B-8812-8B4F-310D9680767D}"
EndProject
Project("{FAE04EC0-301F-11D3-BF4B-00C04F79EFBC}") = "Warehouse.ClientHttp", "src\WarehouseService\Warehouse.ClientHttp\Warehouse.ClientHttp.csproj", "{CE64A26A-92B4-573A-9CB6-75BAC5BEE13B}"
EndProject
Project("{FAE04EC0-301F-11D3-BF4B-00C04F79EFBC}") = "Warehouse.Repository", "src\WarehouseService\Warehouse.Repository\Warehouse.Repository.csproj", "{40FFB8A1-AE0C-4A28-26E0-133303238226}"
EndProject
Project("{FAE04EC0-301F-11D3-BF4B-00C04F79EFBC}") = "Warehouse.Shared", "src\WarehouseService\Warehouse.Shared\Warehouse.Shared.csproj", "{68C84F63-D254-AC8C-1260-E819573EA815}"
EndProject
Project("{FAE04EC0-301F-11D3-BF4B-00C04F79EFBC}") = "Warehouse.WebApi", "src\WarehouseService\Warehouse.WebApi\Warehouse.WebApi.csproj", "{792B0B6B-59DA-C5A6-B6E8-29F2581A436E}"
EndProject
Global
	GlobalSection(SolutionConfigurationPlatforms) = preSolution
		Debug|Any CPU = Debug|Any CPU
		Release|Any CPU = Release|Any CPU
	EndGlobalSection
	GlobalSection(ProjectConfigurationPlatforms) = postSolution
		{041E66A5-9F5F-436C-BE1B-6506B4DAD5CE}.Debug|Any CPU.ActiveCfg = Debug|Any CPU
		{041E66A5-9F5F-436C-BE1B-6506B4DAD5CE}.Debug|Any CPU.Build.0 = Debug|Any CPU
		{041E66A5-9F5F-436C-BE1B-6506B4DAD5CE}.Release|Any CPU.ActiveCfg = Release|Any CPU
		{041E66A5-9F5F-436C-BE1B-6506B4DAD5CE}.Release|Any CPU.Build.0 = Release|Any CPU
		{7995C995-4E10-4982-B795-BAD912CCA6C7}.Debug|Any CPU.ActiveCfg = Debug|Any CPU
		{7995C995-4E10-4982-B795-BAD912CCA6C7}.Debug|Any CPU.Build.0 = Debug|Any CPU
		{7995C995-4E10-4982-B795-BAD912CCA6C7}.Release|Any CPU.ActiveCfg = Release|Any CPU
		{7995C995-4E10-4982-B795-BAD912CCA6C7}.Release|Any CPU.Build.0 = Release|Any CPU
		{FEEB7339-9587-0B6B-5E20-EE9C2EDBC2E5}.Debug|Any CPU.ActiveCfg = Debug|Any CPU
		{FEEB7339-9587-0B6B-5E20-EE9C2EDBC2E5}.Debug|Any CPU.Build.0 = Debug|Any CPU
		{FEEB7339-9587-0B6B-5E20-EE9C2EDBC2E5}.Release|Any CPU.ActiveCfg = Release|Any CPU
		{FEEB7339-9587-0B6B-5E20-EE9C2EDBC2E5}.Release|Any CPU.Build.0 = Release|Any CPU
		{C993516C-A621-F608-E827-D05ABA939B0F}.Debug|Any CPU.ActiveCfg = Debug|Any CPU
		{C993516C-A621-F608-E827-D05ABA939B0F}.Debug|Any CPU.Build.0 = Debug|Any CPU
		{C993516C-A621-F608-E827-D05ABA939B0F}.Release|Any CPU.ActiveCfg = Release|Any CPU
		{C993516C-A621-F608-E827-D05ABA939B0F}.Release|Any CPU.Build.0 = Release|Any CPU
		{CBD3B50F-EC14-5B99-A367-16F25CC913A6}.Debug|Any CPU.ActiveCfg = Debug|Any CPU
		{CBD3B50F-EC14-5B99-A367-16F25CC913A6}.Debug|Any CPU.Build.0 = Debug|Any CPU
		{CBD3B50F-EC14-5B99-A367-16F25CC913A6}.Release|Any CPU.ActiveCfg = Release|Any CPU
		{CBD3B50F-EC14-5B99-A367-16F25CC913A6}.Release|Any CPU.Build.0 = Release|Any CPU
		{93C1918B-E8FC-4CBB-50CA-2BFBF0C78652}.Debug|Any CPU.ActiveCfg = Debug|Any CPU
		{93C1918B-E8FC-4CBB-50CA-2BFBF0C78652}.Debug|Any CPU.Build.0 = Debug|Any CPU
		{93C1918B-E8FC-4CBB-50CA-2BFBF0C78652}.Release|Any CPU.ActiveCfg = Release|Any CPU
		{93C1918B-E8FC-4CBB-50CA-2BFBF0C78652}.Release|Any CPU.Build.0 = Release|Any CPU
		{36FA104D-4F06-8A2F-3E19-7D9C907283E1}.Debug|Any CPU.ActiveCfg = Debug|Any CPU
		{36FA104D-4F06-8A2F-3E19-7D9C907283E1}.Debug|Any CPU.Build.0 = Debug|Any CPU
		{36FA104D-4F06-8A2F-3E19-7D9C907283E1}.Release|Any CPU.ActiveCfg = Release|Any CPU
		{36FA104D-4F06-8A2F-3E19-7D9C907283E1}.Release|Any CPU.Build.0 = Release|Any CPU
		{6A17A39F-B63B-8812-8B4F-310D9680767D}.Debug|Any CPU.ActiveCfg = Debug|Any CPU
		{6A17A39F-B63B-8812-8B4F-310D9680767D}.Debug|Any CPU.Build.0 = Debug|Any CPU
		{6A17A39F-B63B-8812-8B4F-310D9680767D}.Release|Any CPU.ActiveCfg = Release|Any CPU
		{6A17A39F-B63B-8812-8B4F-310D9680767D}.Release|Any CPU.Build.0 = Release|Any CPU
		{CE64A26A-92B4-573A-9CB6-75BAC5BEE13B}.Debug|Any CPU.ActiveCfg = Debug|Any CPU
		{CE64A26A-92B4-573A-9CB6-75BAC5BEE13B}.Debug|Any CPU.Build.0 = Debug|Any CPU
		{CE64A26A-92B4-573A-9CB6-75BAC5BEE13B}.Release|Any CPU.ActiveCfg = Release|Any CPU
		{CE64A26A-92B4-573A-9CB6-75BAC5BEE13B}.Release|Any CPU.Build.0 = Release|Any CPU
		{40FFB8A1-AE0C-4A28-26E0-133303238226}.Debug|Any CPU.ActiveCfg = Debug|Any CPU
		{40FFB8A1-AE0C-4A28-26E0-133303238226}.Debug|Any CPU.Build.0 = Debug|Any CPU
		{40FFB8A1-AE0C-4A28-26E0-133303238226}.Release|Any CPU.ActiveCfg = Release|Any CPU
		{40FFB8A1-AE0C-4A28-26E0-133303238226}.Release|Any CPU.Build.0 = Release|Any CPU
		{68C84F63-D254-AC8C-1260-E819573EA815}.Debug|Any CPU.ActiveCfg = Debug|Any CPU
		{68C84F63-D254-AC8C-1260-E819573EA815}.Debug|Any CPU.Build.0 = Debug|Any CPU
		{68C84F63-D254-AC8C-1260-E819573EA815}.Release|Any CPU.ActiveCfg = Release|Any CPU
		{68C84F63-D254-AC8C-1260-E819573EA815}.Release|Any CPU.Build.0 = Release|Any CPU
		{792B0B6B-59DA-C5A6-B6E8-29F2581A436E}.Debug|Any CPU.ActiveCfg = Debug|Any CPU
		{792B0B6B-59DA-C5A6-B6E8-29F2581A436E}.Debug|Any CPU.Build.0 = Debug|Any CPU
		{792B0B6B-59DA-C5A6-B6E8-29F2581A436E}.Release|Any CPU.ActiveCfg = Release|Any CPU
		{792B0B6B-59DA-C5A6-B6E8-29F2581A436E}.Release|Any CPU.Build.0 = Release|Any CPU
	EndGlobalSection
	GlobalSection(SolutionProperties) = preSolution
		HideSolutionNode = FALSE
	EndGlobalSection
	GlobalSection(NestedProjects) = preSolution
		{7995C995-4E10-4982-B795-BAD912CCA6C7} = {4E4CE890-3A32-4805-A673-409C358DD02E}
	EndGlobalSection
	GlobalSection(ExtensibilityGlobals) = postSolution
		SolutionGuid = {ADDA3C91-C61A-4986-9648-564E7DFACBA7}
	EndGlobalSection
EndGlobal
